{
  "name": "example-tsc-codebase",
  "lockfileVersion": 3,
  "requires": true,
  "packages": {
    "": {
      "name": "example-tsc-codebase",
      "dependencies": {
        "@microsoft/fast-components": "2.21.3",
        "@microsoft/fast-element": "1.11.0",
        "@microsoft/fast-foundation": "2.47.0",
        "tslib": "^2.4.1"
      },
      "devDependencies": {
        "@genesiscommunitysuccess/custom-elements-lsp": "file:..",
        "example-lib": "file:../example-lib",
        "typescript": "^4.4.3",
        "vite": "^4.3.9"
      }
    },
    "..": {
      "name": "@genesiscommunitysuccess/custom-elements-lsp",
      "version": "0.0.1",
      "dev": true,
      "license": "MIT",
      "dependencies": {
        "@custom-elements-manifest/analyzer": "^0.8.0",
        "chokidar": "^3.5.3",
        "debounce": "^1.2.1",
        "globby": "^13.1.4",
        "minimist-lite": "^2.2.1",
        "node-html-parser": "^6.1.5",
        "resolve-pkg": "^2.0.0",
        "typescript-template-language-service-decorator": "^2.3.2"
      },
      "bin": {
        "custom-elements-analyze": "src/parser/analyze.js"
      },
      "devDependencies": {
        "@types/debounce": "^1.2.1",
        "@types/jest": "^29.5.1",
        "@typescript-eslint/eslint-plugin": "^5.2.0",
        "@typescript-eslint/parser": "^5.2.0",
        "cross-env": "^7.0.3",
        "custom-elements-manifest": "^2.0.0",
        "eslint": "8.22.0",
        "eslint-config-google": "^0.14.0",
        "eslint-config-prettier": "^8.5.0",
        "eslint-config-ts-important-stuff": "^1.1.0",
        "eslint-import-resolver-typescript": "^3.5.3",
        "eslint-plugin-import": "^2.27.5",
        "eslint-plugin-prettier": "^4.2.1",
        "eslint-plugin-unused-imports": "^2.0.0",
        "husky": "^8.0.3",
        "jest": "^29.5.0",
        "lint-staged": "^13.2.2",
        "ts-jest": "^29.1.0",
        "typescript": "^4.4.3"
      }
    },
    "../example-lib": {
      "version": "1.0.0",
      "dev": true,
      "dependencies": {
        "@microsoft/fast-components": "2.21.3",
        "@microsoft/fast-element": "1.11.0",
        "@microsoft/fast-foundation": "2.47.0",
        "tslib": "^2.4.1"
      },
      "devDependencies": {
        "@custom-elements-manifest/analyzer": "^0.8.0",
        "typescript": "^4.4.3"
      }
    },
    "node_modules/@esbuild/android-arm": {
      "version": "0.17.19",
      "resolved": "https://registry.npmjs.org/@esbuild/android-arm/-/android-arm-0.17.19.tgz",
      "integrity": "sha512-rIKddzqhmav7MSmoFCmDIb6e2W57geRsM94gV2l38fzhXMwq7hZoClug9USI2pFRGL06f4IOPHHpFNOkWieR8A==",
      "cpu": [
        "arm"
      ],
      "dev": true,
      "optional": true,
      "os": [
        "android"
      ],
      "engines": {
        "node": ">=12"
      }
    },
    "node_modules/@esbuild/android-arm64": {
      "version": "0.17.19",
      "resolved": "https://registry.npmjs.org/@esbuild/android-arm64/-/android-arm64-0.17.19.tgz",
      "integrity": "sha512-KBMWvEZooR7+kzY0BtbTQn0OAYY7CsiydT63pVEaPtVYF0hXbUaOyZog37DKxK7NF3XacBJOpYT4adIJh+avxA==",
      "cpu": [
        "arm64"
      ],
      "dev": true,
      "optional": true,
      "os": [
        "android"
      ],
      "engines": {
        "node": ">=12"
      }
    },
    "node_modules/@esbuild/android-x64": {
      "version": "0.17.19",
      "resolved": "https://registry.npmjs.org/@esbuild/android-x64/-/android-x64-0.17.19.tgz",
      "integrity": "sha512-uUTTc4xGNDT7YSArp/zbtmbhO0uEEK9/ETW29Wk1thYUJBz3IVnvgEiEwEa9IeLyvnpKrWK64Utw2bgUmDveww==",
      "cpu": [
        "x64"
      ],
      "dev": true,
      "optional": true,
      "os": [
        "android"
      ],
      "engines": {
        "node": ">=12"
      }
    },
    "node_modules/@esbuild/darwin-arm64": {
      "version": "0.17.19",
      "resolved": "https://registry.npmjs.org/@esbuild/darwin-arm64/-/darwin-arm64-0.17.19.tgz",
      "integrity": "sha512-80wEoCfF/hFKM6WE1FyBHc9SfUblloAWx6FJkFWTWiCoht9Mc0ARGEM47e67W9rI09YoUxJL68WHfDRYEAvOhg==",
      "cpu": [
        "arm64"
      ],
      "dev": true,
      "optional": true,
      "os": [
        "darwin"
      ],
      "engines": {
        "node": ">=12"
      }
    },
    "node_modules/@esbuild/darwin-x64": {
      "version": "0.17.19",
      "resolved": "https://registry.npmjs.org/@esbuild/darwin-x64/-/darwin-x64-0.17.19.tgz",
      "integrity": "sha512-IJM4JJsLhRYr9xdtLytPLSH9k/oxR3boaUIYiHkAawtwNOXKE8KoU8tMvryogdcT8AU+Bflmh81Xn6Q0vTZbQw==",
      "cpu": [
        "x64"
      ],
      "dev": true,
      "optional": true,
      "os": [
        "darwin"
      ],
      "engines": {
        "node": ">=12"
      }
    },
    "node_modules/@esbuild/freebsd-arm64": {
      "version": "0.17.19",
      "resolved": "https://registry.npmjs.org/@esbuild/freebsd-arm64/-/freebsd-arm64-0.17.19.tgz",
      "integrity": "sha512-pBwbc7DufluUeGdjSU5Si+P3SoMF5DQ/F/UmTSb8HXO80ZEAJmrykPyzo1IfNbAoaqw48YRpv8shwd1NoI0jcQ==",
      "cpu": [
        "arm64"
      ],
      "dev": true,
      "optional": true,
      "os": [
        "freebsd"
      ],
      "engines": {
        "node": ">=12"
      }
    },
    "node_modules/@esbuild/freebsd-x64": {
      "version": "0.17.19",
      "resolved": "https://registry.npmjs.org/@esbuild/freebsd-x64/-/freebsd-x64-0.17.19.tgz",
      "integrity": "sha512-4lu+n8Wk0XlajEhbEffdy2xy53dpR06SlzvhGByyg36qJw6Kpfk7cp45DR/62aPH9mtJRmIyrXAS5UWBrJT6TQ==",
      "cpu": [
        "x64"
      ],
      "dev": true,
      "optional": true,
      "os": [
        "freebsd"
      ],
      "engines": {
        "node": ">=12"
      }
    },
    "node_modules/@esbuild/linux-arm": {
      "version": "0.17.19",
      "resolved": "https://registry.npmjs.org/@esbuild/linux-arm/-/linux-arm-0.17.19.tgz",
      "integrity": "sha512-cdmT3KxjlOQ/gZ2cjfrQOtmhG4HJs6hhvm3mWSRDPtZ/lP5oe8FWceS10JaSJC13GBd4eH/haHnqf7hhGNLerA==",
      "cpu": [
        "arm"
      ],
      "dev": true,
      "optional": true,
      "os": [
        "linux"
      ],
      "engines": {
        "node": ">=12"
      }
    },
    "node_modules/@esbuild/linux-arm64": {
      "version": "0.17.19",
      "resolved": "https://registry.npmjs.org/@esbuild/linux-arm64/-/linux-arm64-0.17.19.tgz",
      "integrity": "sha512-ct1Tg3WGwd3P+oZYqic+YZF4snNl2bsnMKRkb3ozHmnM0dGWuxcPTTntAF6bOP0Sp4x0PjSF+4uHQ1xvxfRKqg==",
      "cpu": [
        "arm64"
      ],
      "dev": true,
      "optional": true,
      "os": [
        "linux"
      ],
      "engines": {
        "node": ">=12"
      }
    },
    "node_modules/@esbuild/linux-ia32": {
      "version": "0.17.19",
      "resolved": "https://registry.npmjs.org/@esbuild/linux-ia32/-/linux-ia32-0.17.19.tgz",
      "integrity": "sha512-w4IRhSy1VbsNxHRQpeGCHEmibqdTUx61Vc38APcsRbuVgK0OPEnQ0YD39Brymn96mOx48Y2laBQGqgZ0j9w6SQ==",
      "cpu": [
        "ia32"
      ],
      "dev": true,
      "optional": true,
      "os": [
        "linux"
      ],
      "engines": {
        "node": ">=12"
      }
    },
    "node_modules/@esbuild/linux-loong64": {
      "version": "0.17.19",
      "resolved": "https://registry.npmjs.org/@esbuild/linux-loong64/-/linux-loong64-0.17.19.tgz",
      "integrity": "sha512-2iAngUbBPMq439a+z//gE+9WBldoMp1s5GWsUSgqHLzLJ9WoZLZhpwWuym0u0u/4XmZ3gpHmzV84PonE+9IIdQ==",
      "cpu": [
        "loong64"
      ],
      "dev": true,
      "optional": true,
      "os": [
        "linux"
      ],
      "engines": {
        "node": ">=12"
      }
    },
    "node_modules/@esbuild/linux-mips64el": {
      "version": "0.17.19",
      "resolved": "https://registry.npmjs.org/@esbuild/linux-mips64el/-/linux-mips64el-0.17.19.tgz",
      "integrity": "sha512-LKJltc4LVdMKHsrFe4MGNPp0hqDFA1Wpt3jE1gEyM3nKUvOiO//9PheZZHfYRfYl6AwdTH4aTcXSqBerX0ml4A==",
      "cpu": [
        "mips64el"
      ],
      "dev": true,
      "optional": true,
      "os": [
        "linux"
      ],
      "engines": {
        "node": ">=12"
      }
    },
    "node_modules/@esbuild/linux-ppc64": {
      "version": "0.17.19",
      "resolved": "https://registry.npmjs.org/@esbuild/linux-ppc64/-/linux-ppc64-0.17.19.tgz",
      "integrity": "sha512-/c/DGybs95WXNS8y3Ti/ytqETiW7EU44MEKuCAcpPto3YjQbyK3IQVKfF6nbghD7EcLUGl0NbiL5Rt5DMhn5tg==",
      "cpu": [
        "ppc64"
      ],
      "dev": true,
      "optional": true,
      "os": [
        "linux"
      ],
      "engines": {
        "node": ">=12"
      }
    },
    "node_modules/@esbuild/linux-riscv64": {
      "version": "0.17.19",
      "resolved": "https://registry.npmjs.org/@esbuild/linux-riscv64/-/linux-riscv64-0.17.19.tgz",
      "integrity": "sha512-FC3nUAWhvFoutlhAkgHf8f5HwFWUL6bYdvLc/TTuxKlvLi3+pPzdZiFKSWz/PF30TB1K19SuCxDTI5KcqASJqA==",
      "cpu": [
        "riscv64"
      ],
      "dev": true,
      "optional": true,
      "os": [
        "linux"
      ],
      "engines": {
        "node": ">=12"
      }
    },
    "node_modules/@esbuild/linux-s390x": {
      "version": "0.17.19",
      "resolved": "https://registry.npmjs.org/@esbuild/linux-s390x/-/linux-s390x-0.17.19.tgz",
      "integrity": "sha512-IbFsFbxMWLuKEbH+7sTkKzL6NJmG2vRyy6K7JJo55w+8xDk7RElYn6xvXtDW8HCfoKBFK69f3pgBJSUSQPr+4Q==",
      "cpu": [
        "s390x"
      ],
      "dev": true,
      "optional": true,
      "os": [
        "linux"
      ],
      "engines": {
        "node": ">=12"
      }
    },
    "node_modules/@esbuild/linux-x64": {
      "version": "0.17.19",
      "resolved": "https://registry.npmjs.org/@esbuild/linux-x64/-/linux-x64-0.17.19.tgz",
      "integrity": "sha512-68ngA9lg2H6zkZcyp22tsVt38mlhWde8l3eJLWkyLrp4HwMUr3c1s/M2t7+kHIhvMjglIBrFpncX1SzMckomGw==",
      "cpu": [
        "x64"
      ],
      "dev": true,
      "optional": true,
      "os": [
        "linux"
      ],
      "engines": {
        "node": ">=12"
      }
    },
    "node_modules/@esbuild/netbsd-x64": {
      "version": "0.17.19",
      "resolved": "https://registry.npmjs.org/@esbuild/netbsd-x64/-/netbsd-x64-0.17.19.tgz",
      "integrity": "sha512-CwFq42rXCR8TYIjIfpXCbRX0rp1jo6cPIUPSaWwzbVI4aOfX96OXY8M6KNmtPcg7QjYeDmN+DD0Wp3LaBOLf4Q==",
      "cpu": [
        "x64"
      ],
      "dev": true,
      "optional": true,
      "os": [
        "netbsd"
      ],
      "engines": {
        "node": ">=12"
      }
    },
    "node_modules/@esbuild/openbsd-x64": {
      "version": "0.17.19",
      "resolved": "https://registry.npmjs.org/@esbuild/openbsd-x64/-/openbsd-x64-0.17.19.tgz",
      "integrity": "sha512-cnq5brJYrSZ2CF6c35eCmviIN3k3RczmHz8eYaVlNasVqsNY+JKohZU5MKmaOI+KkllCdzOKKdPs762VCPC20g==",
      "cpu": [
        "x64"
      ],
      "dev": true,
      "optional": true,
      "os": [
        "openbsd"
      ],
      "engines": {
        "node": ">=12"
      }
    },
    "node_modules/@esbuild/sunos-x64": {
      "version": "0.17.19",
      "resolved": "https://registry.npmjs.org/@esbuild/sunos-x64/-/sunos-x64-0.17.19.tgz",
      "integrity": "sha512-vCRT7yP3zX+bKWFeP/zdS6SqdWB8OIpaRq/mbXQxTGHnIxspRtigpkUcDMlSCOejlHowLqII7K2JKevwyRP2rg==",
      "cpu": [
        "x64"
      ],
      "dev": true,
      "optional": true,
      "os": [
        "sunos"
      ],
      "engines": {
        "node": ">=12"
      }
    },
    "node_modules/@esbuild/win32-arm64": {
      "version": "0.17.19",
      "resolved": "https://registry.npmjs.org/@esbuild/win32-arm64/-/win32-arm64-0.17.19.tgz",
      "integrity": "sha512-yYx+8jwowUstVdorcMdNlzklLYhPxjniHWFKgRqH7IFlUEa0Umu3KuYplf1HUZZ422e3NU9F4LGb+4O0Kdcaag==",
      "cpu": [
        "arm64"
      ],
      "dev": true,
      "optional": true,
      "os": [
        "win32"
      ],
      "engines": {
        "node": ">=12"
      }
    },
    "node_modules/@esbuild/win32-ia32": {
      "version": "0.17.19",
      "resolved": "https://registry.npmjs.org/@esbuild/win32-ia32/-/win32-ia32-0.17.19.tgz",
      "integrity": "sha512-eggDKanJszUtCdlVs0RB+h35wNlb5v4TWEkq4vZcmVt5u/HiDZrTXe2bWFQUez3RgNHwx/x4sk5++4NSSicKkw==",
      "cpu": [
        "ia32"
      ],
      "dev": true,
      "optional": true,
      "os": [
        "win32"
      ],
      "engines": {
        "node": ">=12"
      }
    },
    "node_modules/@esbuild/win32-x64": {
      "version": "0.17.19",
      "resolved": "https://registry.npmjs.org/@esbuild/win32-x64/-/win32-x64-0.17.19.tgz",
      "integrity": "sha512-lAhycmKnVOuRYNtRtatQR1LPQf2oYCkRGkSFnseDAKPl8lu5SOsK/e1sXe5a0Pc5kHIHe6P2I/ilntNv2xf3cA==",
      "cpu": [
        "x64"
      ],
      "dev": true,
      "optional": true,
      "os": [
        "win32"
      ],
      "engines": {
        "node": ">=12"
      }
    },
    "node_modules/@genesiscommunitysuccess/custom-elements-lsp": {
      "resolved": "..",
      "link": true
    },
    "node_modules/@microsoft/fast-colors": {
      "version": "5.3.1",
      "resolved": "https://registry.npmjs.org/@microsoft/fast-colors/-/fast-colors-5.3.1.tgz",
      "integrity": "sha512-72RZXVfCbwQzvo5sXXkuLXLT7rMeYaSf5r/6ewQiv/trBtqpWRm4DEH2EilHw/iWTBKOXs1qZNQndgUMa5n4LA=="
    },
    "node_modules/@microsoft/fast-components": {
      "version": "2.21.3",
      "resolved": "https://registry.npmjs.org/@microsoft/fast-components/-/fast-components-2.21.3.tgz",
      "integrity": "sha512-9bGUBV1ywqvzn7KlCdwdf1dH6t5Ea5Ff4iH5b9mjRYFOlLZefkak+x3uR1i9Q9mOGL5WvgeQsE58hgiqoJszQA==",
      "deprecated": "Package no longer supported. Contact Support at https://www.npmjs.com/support for more info.",
      "dependencies": {
        "@microsoft/fast-colors": "^5.1.5",
        "@microsoft/fast-element": "^1.7.0",
        "@microsoft/fast-foundation": "^2.33.2",
        "@microsoft/fast-web-utilities": "^5.1.0",
        "tslib": "^1.13.0",
        "vscode-html-languageservice": "^4.0.3"
      }
    },
    "node_modules/@microsoft/fast-components/node_modules/tslib": {
      "version": "1.14.1",
      "resolved": "https://registry.npmjs.org/tslib/-/tslib-1.14.1.tgz",
      "integrity": "sha512-Xni35NKzjgMrwevysHTCArtLDpPvye8zV/0E4EyYn43P7/7qvQwPh9BGkHewbMulVntbigmcT7rdX3BNo9wRJg=="
    },
    "node_modules/@microsoft/fast-element": {
      "version": "1.11.0",
      "resolved": "https://registry.npmjs.org/@microsoft/fast-element/-/fast-element-1.11.0.tgz",
      "integrity": "sha512-VKJYMkS5zgzHHb66sY7AFpYv6IfFhXrjQcAyNgi2ivD65My1XOhtjfKez5ELcLFRJfgZNAxvI8kE69apXERTkw=="
    },
    "node_modules/@microsoft/fast-foundation": {
      "version": "2.47.0",
      "resolved": "https://registry.npmjs.org/@microsoft/fast-foundation/-/fast-foundation-2.47.0.tgz",
      "integrity": "sha512-EyFuioaZQ9ngjUNRQi8R3dIPPsaNQdUOS+tP0G7b1MJRhXmQWIitBM6IeveQA6ZvXG6H21dqgrfEWlsYrUZ2sw==",
      "dependencies": {
        "@microsoft/fast-element": "^1.11.0",
        "@microsoft/fast-web-utilities": "^5.4.1",
        "tabbable": "^5.2.0",
        "tslib": "^1.13.0"
      }
    },
    "node_modules/@microsoft/fast-foundation/node_modules/tslib": {
      "version": "1.14.1",
      "resolved": "https://registry.npmjs.org/tslib/-/tslib-1.14.1.tgz",
      "integrity": "sha512-Xni35NKzjgMrwevysHTCArtLDpPvye8zV/0E4EyYn43P7/7qvQwPh9BGkHewbMulVntbigmcT7rdX3BNo9wRJg=="
    },
    "node_modules/@microsoft/fast-web-utilities": {
      "version": "5.4.1",
      "resolved": "https://registry.npmjs.org/@microsoft/fast-web-utilities/-/fast-web-utilities-5.4.1.tgz",
      "integrity": "sha512-ReWYncndjV3c8D8iq9tp7NcFNc1vbVHvcBFPME2nNFKNbS1XCesYZGlIlf3ot5EmuOXPlrzUHOWzQ2vFpIkqDg==",
      "dependencies": {
        "exenv-es6": "^1.1.1"
      }
    },
    "node_modules/esbuild": {
      "version": "0.17.19",
      "resolved": "https://registry.npmjs.org/esbuild/-/esbuild-0.17.19.tgz",
      "integrity": "sha512-XQ0jAPFkK/u3LcVRcvVHQcTIqD6E2H1fvZMA5dQPSOWb3suUbWbfbRf94pjc0bNzRYLfIrDRQXr7X+LHIm5oHw==",
      "dev": true,
      "hasInstallScript": true,
      "bin": {
        "esbuild": "bin/esbuild"
      },
      "engines": {
        "node": ">=12"
      },
      "optionalDependencies": {
        "@esbuild/android-arm": "0.17.19",
        "@esbuild/android-arm64": "0.17.19",
        "@esbuild/android-x64": "0.17.19",
        "@esbuild/darwin-arm64": "0.17.19",
        "@esbuild/darwin-x64": "0.17.19",
        "@esbuild/freebsd-arm64": "0.17.19",
        "@esbuild/freebsd-x64": "0.17.19",
        "@esbuild/linux-arm": "0.17.19",
        "@esbuild/linux-arm64": "0.17.19",
        "@esbuild/linux-ia32": "0.17.19",
        "@esbuild/linux-loong64": "0.17.19",
        "@esbuild/linux-mips64el": "0.17.19",
        "@esbuild/linux-ppc64": "0.17.19",
        "@esbuild/linux-riscv64": "0.17.19",
        "@esbuild/linux-s390x": "0.17.19",
        "@esbuild/linux-x64": "0.17.19",
        "@esbuild/netbsd-x64": "0.17.19",
        "@esbuild/openbsd-x64": "0.17.19",
        "@esbuild/sunos-x64": "0.17.19",
        "@esbuild/win32-arm64": "0.17.19",
        "@esbuild/win32-ia32": "0.17.19",
        "@esbuild/win32-x64": "0.17.19"
      }
    },
    "node_modules/example-lib": {
      "resolved": "../example-lib",
      "link": true
    },
    "node_modules/exenv-es6": {
      "version": "1.1.1",
      "resolved": "https://registry.npmjs.org/exenv-es6/-/exenv-es6-1.1.1.tgz",
      "integrity": "sha512-vlVu3N8d6yEMpMsEm+7sUBAI81aqYYuEvfK0jNqmdb/OPXzzH7QWDDnVjMvDSY47JdHEqx/dfC/q8WkfoTmpGQ=="
    },
    "node_modules/fsevents": {
      "version": "2.3.2",
      "resolved": "https://registry.npmjs.org/fsevents/-/fsevents-2.3.2.tgz",
      "integrity": "sha512-xiqMQR4xAeHTuB9uWm+fFRcIOgKBMiOBP+eXiyT7jsgVCq1bkVygt00oASowB7EdtpOHaaPgKt812P9ab+DDKA==",
      "dev": true,
      "hasInstallScript": true,
      "optional": true,
      "os": [
        "darwin"
      ],
      "engines": {
        "node": "^8.16.0 || ^10.6.0 || >=11.0.0"
      }
    },
    "node_modules/nanoid": {
      "version": "3.3.6",
      "resolved": "https://registry.npmjs.org/nanoid/-/nanoid-3.3.6.tgz",
      "integrity": "sha512-BGcqMMJuToF7i1rt+2PWSNVnWIkGCU78jBG3RxO/bZlnZPK2Cmi2QaffxGO/2RvWi9sL+FAiRiXMgsyxQ1DIDA==",
      "dev": true,
      "funding": [
        {
          "type": "github",
          "url": "https://github.com/sponsors/ai"
        }
      ],
      "bin": {
        "nanoid": "bin/nanoid.cjs"
      },
      "engines": {
        "node": "^10 || ^12 || ^13.7 || ^14 || >=15.0.1"
      }
    },
    "node_modules/picocolors": {
      "version": "1.0.0",
      "resolved": "https://registry.npmjs.org/picocolors/-/picocolors-1.0.0.tgz",
      "integrity": "sha512-1fygroTLlHu66zi26VoTDv8yRgm0Fccecssto+MhsZ0D/DGW2sm8E8AjW7NU5VVTRt5GxbeZ5qBuJr+HyLYkjQ==",
      "dev": true
    },
    "node_modules/postcss": {
      "version": "8.4.24",
      "resolved": "https://registry.npmjs.org/postcss/-/postcss-8.4.24.tgz",
      "integrity": "sha512-M0RzbcI0sO/XJNucsGjvWU9ERWxb/ytp1w6dKtxTKgixdtQDq4rmx/g8W1hnaheq9jgwL/oyEdH5Bc4WwJKMqg==",
      "dev": true,
      "funding": [
        {
          "type": "opencollective",
          "url": "https://opencollective.com/postcss/"
        },
        {
          "type": "tidelift",
          "url": "https://tidelift.com/funding/github/npm/postcss"
        },
        {
          "type": "github",
          "url": "https://github.com/sponsors/ai"
        }
      ],
      "dependencies": {
        "nanoid": "^3.3.6",
        "picocolors": "^1.0.0",
        "source-map-js": "^1.0.2"
      },
      "engines": {
        "node": "^10 || ^12 || >=14"
      }
    },
    "node_modules/rollup": {
      "version": "3.26.0",
      "resolved": "https://registry.npmjs.org/rollup/-/rollup-3.26.0.tgz",
      "integrity": "sha512-YzJH0eunH2hr3knvF3i6IkLO/jTjAEwU4HoMUbQl4//Tnl3ou0e7P5SjxdDr8HQJdeUJShlbEHXrrnEHy1l7Yg==",
      "dev": true,
      "bin": {
        "rollup": "dist/bin/rollup"
      },
      "engines": {
        "node": ">=14.18.0",
        "npm": ">=8.0.0"
      },
      "optionalDependencies": {
        "fsevents": "~2.3.2"
      }
    },
    "node_modules/source-map-js": {
      "version": "1.0.2",
      "resolved": "https://registry.npmjs.org/source-map-js/-/source-map-js-1.0.2.tgz",
      "integrity": "sha512-R0XvVJ9WusLiqTCEiGCmICCMplcCkIwwR11mOSD9CR5u+IXYdiseeEuXCVAjS54zqwkLcPNnmU4OeJ6tUrWhDw==",
      "dev": true,
      "engines": {
        "node": ">=0.10.0"
      }
    },
    "node_modules/tabbable": {
      "version": "5.3.3",
      "resolved": "https://registry.npmjs.org/tabbable/-/tabbable-5.3.3.tgz",
      "integrity": "sha512-QD9qKY3StfbZqWOPLp0++pOrAVb/HbUi5xCc8cUo4XjP19808oaMiDzn0leBY5mCespIBM0CIZePzZjgzR83kA=="
    },
    "node_modules/tslib": {
      "version": "2.6.0",
      "resolved": "https://registry.npmjs.org/tslib/-/tslib-2.6.0.tgz",
      "integrity": "sha512-7At1WUettjcSRHXCyYtTselblcHl9PJFFVKiCAy/bY97+BPZXSQ2wbq0P9s8tK2G7dFQfNnlJnPAiArVBVBsfA=="
    },
    "node_modules/typescript": {
      "version": "4.9.5",
      "resolved": "https://registry.npmjs.org/typescript/-/typescript-4.9.5.tgz",
      "integrity": "sha512-1FXk9E2Hm+QzZQ7z+McJiHL4NW1F2EzMu9Nq9i3zAaGqibafqYwCVU6WyWAuyQRRzOlxou8xZSyXLEN8oKj24g==",
      "dev": true,
      "bin": {
        "tsc": "bin/tsc",
        "tsserver": "bin/tsserver"
      },
      "engines": {
        "node": ">=4.2.0"
      }
    },
    "node_modules/vite": {
      "version": "4.3.9",
      "resolved": "https://registry.npmjs.org/vite/-/vite-4.3.9.tgz",
      "integrity": "sha512-qsTNZjO9NoJNW7KnOrgYwczm0WctJ8m/yqYAMAK9Lxt4SoySUfS5S8ia9K7JHpa3KEeMfyF8LoJ3c5NeBJy6pg==",
      "dev": true,
      "dependencies": {
        "esbuild": "^0.17.5",
        "postcss": "^8.4.23",
        "rollup": "^3.21.0"
      },
      "bin": {
        "vite": "bin/vite.js"
      },
      "engines": {
        "node": "^14.18.0 || >=16.0.0"
      },
      "optionalDependencies": {
        "fsevents": "~2.3.2"
      },
      "peerDependencies": {
        "@types/node": ">= 14",
        "less": "*",
        "sass": "*",
        "stylus": "*",
        "sugarss": "*",
        "terser": "^5.4.0"
      },
      "peerDependenciesMeta": {
        "@types/node": {
          "optional": true
        },
        "less": {
          "optional": true
        },
        "sass": {
          "optional": true
        },
        "stylus": {
          "optional": true
        },
        "sugarss": {
          "optional": true
        },
        "terser": {
          "optional": true
        }
      }
    },
    "node_modules/vscode-html-languageservice": {
      "version": "4.2.5",
      "resolved": "https://registry.npmjs.org/vscode-html-languageservice/-/vscode-html-languageservice-4.2.5.tgz",
      "integrity": "sha512-dbr10KHabB9EaK8lI0XZW7SqOsTfrNyT3Nuj0GoPi4LjGKUmMiLtsqzfedIzRTzqY+w0FiLdh0/kQrnQ0tLxrw==",
      "dependencies": {
        "vscode-languageserver-textdocument": "^1.0.4",
        "vscode-languageserver-types": "^3.16.0",
        "vscode-nls": "^5.0.0",
        "vscode-uri": "^3.0.3"
      }
    },
    "node_modules/vscode-languageserver-textdocument": {
      "version": "1.0.8",
      "resolved": "https://registry.npmjs.org/vscode-languageserver-textdocument/-/vscode-languageserver-textdocument-1.0.8.tgz",
      "integrity": "sha512-1bonkGqQs5/fxGT5UchTgjGVnfysL0O8v1AYMBjqTbWQTFn721zaPGDYFkOKtfDgFiSgXM3KwaG3FMGfW4Ed9Q=="
    },
    "node_modules/vscode-languageserver-types": {
      "version": "3.17.3",
      "resolved": "https://registry.npmjs.org/vscode-languageserver-types/-/vscode-languageserver-types-3.17.3.tgz",
      "integrity": "sha512-SYU4z1dL0PyIMd4Vj8YOqFvHu7Hz/enbWtpfnVbJHU4Nd1YNYx8u0ennumc6h48GQNeOLxmwySmnADouT/AuZA=="
    },
    "node_modules/vscode-nls": {
      "version": "5.2.0",
      "resolved": "https://registry.npmjs.org/vscode-nls/-/vscode-nls-5.2.0.tgz",
      "integrity": "sha512-RAaHx7B14ZU04EU31pT+rKz2/zSl7xMsfIZuo8pd+KZO6PXtQmpevpq3vxvWNcrGbdmhM/rr5Uw5Mz+NBfhVng=="
    },
    "node_modules/vscode-uri": {
      "version": "3.0.7",
      "resolved": "https://registry.npmjs.org/vscode-uri/-/vscode-uri-3.0.7.tgz",
      "integrity": "sha512-eOpPHogvorZRobNqJGhapa0JdwaxpjVvyBp0QIUMRMSf8ZAlqOdEquKuRmw9Qwu0qXtJIWqFtMkmvJjUZmMjVA=="
    }
  }
}
